
Microsoft Visual Studio Solution File, Format Version 12.00
# Visual Studio Version 16
VisualStudioVersion = 16.0.30114.105
MinimumVisualStudioVersion = 10.0.40219.1
Project("{9A19103F-16F7-4668-BE54-9A1E7A4F7556}") = "Domain", "Domain\Domain.csproj", "{70A954CA-D19C-41A0-A5D3-32595F8691F3}"
EndProject
Project("{9A19103F-16F7-4668-BE54-9A1E7A4F7556}") = "Infrastructure", "Infrastructure\Infrastructure.csproj", "{29CC9F9C-672F-4C85-9ED4-8B4B7F39C3F1}"
EndProject
Project("{9A19103F-16F7-4668-BE54-9A1E7A4F7556}") = "Application", "Application\Application.csproj", "{3A14D930-86CA-4417-89E6-EEFB1F739851}"
EndProject
Project("{FAE04EC0-301F-11D3-BF4B-00C04F79EFBC}") = "StartUp", "StartUp\StartUp.csproj", "{3B1A2D5F-5AE0-4A01-A169-BA611560825E}"
EndProject
Project("{FAE04EC0-301F-11D3-BF4B-00C04F79EFBC}") = "Web", "Web\Web.csproj", "{00007DF0-7937-4CC0-B4CF-A166117CCAD1}"
EndProject
Global
	GlobalSection(SolutionConfigurationPlatforms) = preSolution
		Debug|Any CPU = Debug|Any CPU
		Release|Any CPU = Release|Any CPU
	EndGlobalSection
	GlobalSection(ProjectConfigurationPlatforms) = postSolution
		{70A954CA-D19C-41A0-A5D3-32595F8691F3}.Debug|Any CPU.ActiveCfg = Debug|Any CPU
		{70A954CA-D19C-41A0-A5D3-32595F8691F3}.Debug|Any CPU.Build.0 = Debug|Any CPU
		{70A954CA-D19C-41A0-A5D3-32595F8691F3}.Release|Any CPU.ActiveCfg = Release|Any CPU
		{70A954CA-D19C-41A0-A5D3-32595F8691F3}.Release|Any CPU.Build.0 = Release|Any CPU
		{29CC9F9C-672F-4C85-9ED4-8B4B7F39C3F1}.Debug|Any CPU.ActiveCfg = Debug|Any CPU
		{29CC9F9C-672F-4C85-9ED4-8B4B7F39C3F1}.Debug|Any CPU.Build.0 = Debug|Any CPU
		{29CC9F9C-672F-4C85-9ED4-8B4B7F39C3F1}.Release|Any CPU.ActiveCfg = Release|Any CPU
		{29CC9F9C-672F-4C85-9ED4-8B4B7F39C3F1}.Release|Any CPU.Build.0 = Release|Any CPU
		{3A14D930-86CA-4417-89E6-EEFB1F739851}.Debug|Any CPU.ActiveCfg = Debug|Any CPU
		{3A14D930-86CA-4417-89E6-EEFB1F739851}.Debug|Any CPU.Build.0 = Debug|Any CPU
		{3A14D930-86CA-4417-89E6-EEFB1F739851}.Release|Any CPU.ActiveCfg = Release|Any CPU
		{3A14D930-86CA-4417-89E6-EEFB1F739851}.Release|Any CPU.Build.0 = Release|Any CPU
		{3B1A2D5F-5AE0-4A01-A169-BA611560825E}.Debug|Any CPU.ActiveCfg = Debug|Any CPU
		{3B1A2D5F-5AE0-4A01-A169-BA611560825E}.Debug|Any CPU.Build.0 = Debug|Any CPU
		{3B1A2D5F-5AE0-4A01-A169-BA611560825E}.Release|Any CPU.ActiveCfg = Release|Any CPU
		{3B1A2D5F-5AE0-4A01-A169-BA611560825E}.Release|Any CPU.Build.0 = Release|Any CPU
		{00007DF0-7937-4CC0-B4CF-A166117CCAD1}.Debug|Any CPU.ActiveCfg = Debug|Any CPU
		{00007DF0-7937-4CC0-B4CF-A166117CCAD1}.Debug|Any CPU.Build.0 = Debug|Any CPU
		{00007DF0-7937-4CC0-B4CF-A166117CCAD1}.Release|Any CPU.ActiveCfg = Release|Any CPU
		{00007DF0-7937-4CC0-B4CF-A166117CCAD1}.Release|Any CPU.Build.0 = Release|Any CPU
	EndGlobalSection
	GlobalSection(SolutionProperties) = preSolution
		HideSolutionNode = FALSE
	EndGlobalSection
	GlobalSection(ExtensibilityGlobals) = postSolution
		SolutionGuid = {0F3F1EDD-839A-4030-9784-5E67E8111503}
	EndGlobalSection
EndGlobal
